
Microsoft Visual Studio Solution File, Format Version 12.00
# Visual Studio Version 17
VisualStudioVersion = 17.11.35327.3
MinimumVisualStudioVersion = 10.0.40219.1
Project("{FAE04EC0-301F-11D3-BF4B-00C04F79EFBC}") = "ConsoleApp1", "ConsoleApp1.csproj", "{4C851FC7-941A-4A21-A12E-417D027152B8}"
EndProject
Global
	GlobalSection(SolutionConfigurationPlatforms) = preSolution
		Debug|Any CPU = Debug|Any CPU
		Release|Any CPU = Release|Any CPU
	EndGlobalSection
	GlobalSection(ProjectConfigurationPlatforms) = postSolution
		{4C851FC7-941A-4A21-A12E-417D027152B8}.Debug|Any CPU.ActiveCfg = Debug|Any CPU
		{4C851FC7-941A-4A21-A12E-417D027152B8}.Debug|Any CPU.Build.0 = Debug|Any CPU
		{4C851FC7-941A-4A21-A12E-417D027152B8}.Release|Any CPU.ActiveCfg = Release|Any CPU
		{4C851FC7-941A-4A21-A12E-417D027152B8}.Release|Any CPU.Build.0 = Release|Any CPU
	EndGlobalSection
	GlobalSection(SolutionProperties) = preSolution
		HideSolutionNode = FALSE
	EndGlobalSection
	GlobalSection(ExtensibilityGlobals) = postSolution
		SolutionGuid = {5520B976-E72B-4467-85DF-924E01B569DE}
	EndGlobalSection
EndGlobal
